{
  "nodes": {
    "nixpkgs": {
      "locked": {
        "lastModified": 1722630782,
        "narHash": "sha256-hMyG9/WlUi0Ho9VkRrrez7SeNlDzLxalm9FwY7n/Noo=",
        "rev": "d04953086551086b44b6f3c6b7eeb26294f207da",
        "revCount": 661606,
        "type": "tarball",
        "url": "https://api.flakehub.com/f/pinned/NixOS/nixpkgs/0.1.661606%2Brev-d04953086551086b44b6f3c6b7eeb26294f207da/01911d30-fe87-7d66-95a4-290fef07e398/source.tar.gz"
      },
      "original": {
        "type": "tarball",
        "url": "https://flakehub.com/f/NixOS/nixpkgs/0.1.%2A.tar.gz"
      }
    },
    "root": {
      "inputs": {
        "nixpkgs": "nixpkgs",
        "rust-overlay": "rust-overlay"
      }
    },
    "rust-overlay": {
      "inputs": {
        "nixpkgs": [
          "nixpkgs"
        ]
      },
      "locked": {
        "lastModified": 1722738111,
        "narHash": "sha256-cWD5pCs9AYb+512/yCx9D0Pl5KcmyuXHeJpsDw/D1vs=",
        "owner": "oxalica",
        "repo": "rust-overlay",
        "rev": "27ec296d93cb4b2d03e8cbd019b1b4cde8c34280",
        "type": "github"
      },
      "original": {
        "owner": "oxalica",
        "repo": "rust-overlay",
        "type": "github"
      }
    }
  },
  "root": "root",
  "version": 7
}
